// !$*UTF8*$!
{
	archiveVersion = 1;
	classes = {
	};
	objectVersion = 46;
	objects = {

/* Begin PBXBuildFile section */
		4B60284D1C97969A00EFE0DE /* main.m in Sources */ = {isa = PBXBuildFile; fileRef = 4B60284C1C97969A00EFE0DE /* main.m */; };
		4B6028501C97969A00EFE0DE /* AppDelegate.m in Sources */ = {isa = PBXBuildFile; fileRef = 4B60284F1C97969A00EFE0DE /* AppDelegate.m */; };
		4B6028561C97969A00EFE0DE /* Main.storyboard in Resources */ = {isa = PBXBuildFile; fileRef = 4B6028541C97969A00EFE0DE /* Main.storyboard */; };
		4B6028591C97969A00EFE0DE /* Cell.xcdatamodeld in Sources */ = {isa = PBXBuildFile; fileRef = 4B6028571C97969A00EFE0DE /* Cell.xcdatamodeld */; };
		4B60285B1C97969A00EFE0DE /* Assets.xcassets in Resources */ = {isa = PBXBuildFile; fileRef = 4B60285A1C97969A00EFE0DE /* Assets.xcassets */; };
		4B60285E1C97969A00EFE0DE /* LaunchScreen.storyboard in Resources */ = {isa = PBXBuildFile; fileRef = 4B60285C1C97969A00EFE0DE /* LaunchScreen.storyboard */; };
		4B6028691C97969A00EFE0DE /* CellTests.m in Sources */ = {isa = PBXBuildFile; fileRef = 4B6028681C97969A00EFE0DE /* CellTests.m */; };
		4B6028741C97969A00EFE0DE /* CellUITests.m in Sources */ = {isa = PBXBuildFile; fileRef = 4B6028731C97969A00EFE0DE /* CellUITests.m */; };
		4B6028831C9796AD00EFE0DE /* TableViewController.m in Sources */ = {isa = PBXBuildFile; fileRef = 4B6028821C9796AD00EFE0DE /* TableViewController.m */; };
		4B6028861C9796DC00EFE0DE /* GroupBuyCell.m in Sources */ = {isa = PBXBuildFile; fileRef = 4B6028851C9796DC00EFE0DE /* GroupBuyCell.m */; };
/* End PBXBuildFile section */

/* Begin PBXContainerItemProxy section */
		4B6028651C97969A00EFE0DE /* PBXContainerItemProxy */ = {
			isa = PBXContainerItemProxy;
			containerPortal = 4B6028401C97969A00EFE0DE /* Project object */;
			proxyType = 1;
			remoteGlobalIDString = 4B6028471C97969A00EFE0DE;
			remoteInfo = Cell;
		};
		4B6028701C97969A00EFE0DE /* PBXContainerItemProxy */ = {
			isa = PBXContainerItemProxy;
			containerPortal = 4B6028401C97969A00EFE0DE /* Project object */;
			proxyType = 1;
			remoteGlobalIDString = 4B6028471C97969A00EFE0DE;
			remoteInfo = Cell;
		};
/* End PBXContainerItemProxy section */

/* Begin PBXFileReference section */
		4B6028481C97969A00EFE0DE /* Cell.app */ = {isa = PBXFileReference; explicitFileType = wrapper.application; includeInIndex = 0; path = Cell.app; sourceTree = BUILT_PRODUCTS_DIR; };
		4B60284C1C97969A00EFE0DE /* main.m */ = {isa = PBXFileReference; lastKnownFileType = sourcecode.c.objc; path = main.m; sourceTree = "<group>"; };
		4B60284E1C97969A00EFE0DE /* AppDelegate.h */ = {isa = PBXFileReference; lastKnownFileType = sourcecode.c.h; path = AppDelegate.h; sourceTree = "<group>"; };
		4B60284F1C97969A00EFE0DE /* AppDelegate.m */ = {isa = PBXFileReference; lastKnownFileType = sourcecode.c.objc; path = AppDelegate.m; sourceTree = "<group>"; };
		4B6028551C97969A00EFE0DE /* Base */ = {isa = PBXFileReference; lastKnownFileType = file.storyboard; name = Base; path = Base.lproj/Main.storyboard; sourceTree = "<group>"; };
		4B6028581C97969A00EFE0DE /* Cell.xcdatamodel */ = {isa = PBXFileReference; lastKnownFileType = wrapper.xcdatamodel; path = Cell.xcdatamodel; sourceTree = "<group>"; };
		4B60285A1C97969A00EFE0DE /* Assets.xcassets */ = {isa = PBXFileReference; lastKnownFileType = folder.assetcatalog; path = Assets.xcassets; sourceTree = "<group>"; };
		4B60285D1C97969A00EFE0DE /* Base */ = {isa = PBXFileReference; lastKnownFileType = file.storyboard; name = Base; path = Base.lproj/LaunchScreen.storyboard; sourceTree = "<group>"; };
		4B60285F1C97969A00EFE0DE /* Info.plist */ = {isa = PBXFileReference; lastKnownFileType = text.plist.xml; path = Info.plist; sourceTree = "<group>"; };
		4B6028641C97969A00EFE0DE /* CellTests.xctest */ = {isa = PBXFileReference; explicitFileType = wrapper.cfbundle; includeInIndex = 0; path = CellTests.xctest; sourceTree = BUILT_PRODUCTS_DIR; };
		4B6028681C97969A00EFE0DE /* CellTests.m */ = {isa = PBXFileReference; lastKnownFileType = sourcecode.c.objc; path = CellTests.m; sourceTree = "<group>"; };
		4B60286A1C97969A00EFE0DE /* Info.plist */ = {isa = PBXFileReference; lastKnownFileType = text.plist.xml; path = Info.plist; sourceTree = "<group>"; };
		4B60286F1C97969A00EFE0DE /* CellUITests.xctest */ = {isa = PBXFileReference; explicitFileType = wrapper.cfbundle; includeInIndex = 0; path = CellUITests.xctest; sourceTree = BUILT_PRODUCTS_DIR; };
		4B6028731C97969A00EFE0DE /* CellUITests.m */ = {isa = PBXFileReference; lastKnownFileType = sourcecode.c.objc; path = CellUITests.m; sourceTree = "<group>"; };
		4B6028751C97969A00EFE0DE /* Info.plist */ = {isa = PBXFileReference; lastKnownFileType = text.plist.xml; path = Info.plist; sourceTree = "<group>"; };
		4B6028811C9796AD00EFE0DE /* TableViewController.h */ = {isa = PBXFileReference; fileEncoding = 4; lastKnownFileType = sourcecode.c.h; path = TableViewController.h; sourceTree = "<group>"; };
		4B6028821C9796AD00EFE0DE /* TableViewController.m */ = {isa = PBXFileReference; fileEncoding = 4; lastKnownFileType = sourcecode.c.objc; path = TableViewController.m; sourceTree = "<group>"; };
		4B6028841C9796DC00EFE0DE /* GroupBuyCell.h */ = {isa = PBXFileReference; fileEncoding = 4; lastKnownFileType = sourcecode.c.h; path = GroupBuyCell.h; sourceTree = "<group>"; };
		4B6028851C9796DC00EFE0DE /* GroupBuyCell.m */ = {isa = PBXFileReference; fileEncoding = 4; lastKnownFileType = sourcecode.c.objc; path = GroupBuyCell.m; sourceTree = "<group>"; };
/* End PBXFileReference section */

/* Begin PBXFrameworksBuildPhase section */
		4B6028451C97969A00EFE0DE /* Frameworks */ = {
			isa = PBXFrameworksBuildPhase;
			buildActionMask = 2147483647;
			files = (
			);
			runOnlyForDeploymentPostprocessing = 0;
		};
		4B6028611C97969A00EFE0DE /* Frameworks */ = {
			isa = PBXFrameworksBuildPhase;
			buildActionMask = 2147483647;
			files = (
			);
			runOnlyForDeploymentPostprocessing = 0;
		};
		4B60286C1C97969A00EFE0DE /* Frameworks */ = {
			isa = PBXFrameworksBuildPhase;
			buildActionMask = 2147483647;
			files = (
			);
			runOnlyForDeploymentPostprocessing = 0;
		};
/* End PBXFrameworksBuildPhase section */

/* Begin PBXGroup section */
		4B60283F1C97969A00EFE0DE = {
			isa = PBXGroup;
			children = (
				4B60284A1C97969A00EFE0DE /* Cell */,
				4B6028671C97969A00EFE0DE /* CellTests */,
				4B6028721C97969A00EFE0DE /* CellUITests */,
				4B6028491C97969A00EFE0DE /* Products */,
			);
			sourceTree = "<group>";
		};
		4B6028491C97969A00EFE0DE /* Products */ = {
			isa = PBXGroup;
			children = (
				4B6028481C97969A00EFE0DE /* Cell.app */,
				4B6028641C97969A00EFE0DE /* CellTests.xctest */,
				4B60286F1C97969A00EFE0DE /* CellUITests.xctest */,
			);
			name = Products;
			sourceTree = "<group>";
		};
		4B60284A1C97969A00EFE0DE /* Cell */ = {
			isa = PBXGroup;
			children = (
				4B60284E1C97969A00EFE0DE /* AppDelegate.h */,
				4B60284F1C97969A00EFE0DE /* AppDelegate.m */,
				4B6028811C9796AD00EFE0DE /* TableViewController.h */,
				4B6028821C9796AD00EFE0DE /* TableViewController.m */,
				4B6028841C9796DC00EFE0DE /* GroupBuyCell.h */,
				4B6028851C9796DC00EFE0DE /* GroupBuyCell.m */,
				4B6028541C97969A00EFE0DE /* Main.storyboard */,
				4B60285A1C97969A00EFE0DE /* Assets.xcassets */,
				4B60285C1C97969A00EFE0DE /* LaunchScreen.storyboard */,
				4B60285F1C97969A00EFE0DE /* Info.plist */,
				4B6028571C97969A00EFE0DE /* Cell.xcdatamodeld */,
				4B60284B1C97969A00EFE0DE /* Supporting Files */,
			);
			path = Cell;
			sourceTree = "<group>";
		};
		4B60284B1C97969A00EFE0DE /* Supporting Files */ = {
			isa = PBXGroup;
			children = (
				4B60284C1C97969A00EFE0DE /* main.m */,
			);
			name = "Supporting Files";
			sourceTree = "<group>";
		};
		4B6028671C97969A00EFE0DE /* CellTests */ = {
			isa = PBXGroup;
			children = (
				4B6028681C97969A00EFE0DE /* CellTests.m */,
				4B60286A1C97969A00EFE0DE /* Info.plist */,
			);
			path = CellTests;
			sourceTree = "<group>";
		};
		4B6028721C97969A00EFE0DE /* CellUITests */ = {
			isa = PBXGroup;
			children = (
				4B6028731C97969A00EFE0DE /* CellUITests.m */,
				4B6028751C97969A00EFE0DE /* Info.plist */,
			);
			path = CellUITests;
			sourceTree = "<group>";
		};
/* End PBXGroup section */

/* Begin PBXNativeTarget section */
		4B6028471C97969A00EFE0DE /* Cell */ = {
			isa = PBXNativeTarget;
			buildConfigurationList = 4B6028781C97969A00EFE0DE /* Build configuration list for PBXNativeTarget "Cell" */;
			buildPhases = (
				4B6028441C97969A00EFE0DE /* Sources */,
				4B6028451C97969A00EFE0DE /* Frameworks */,
				4B6028461C97969A00EFE0DE /* Resources */,
			);
			buildRules = (
			);
			dependencies = (
			);
			name = Cell;
			productName = Cell;
			productReference = 4B6028481C97969A00EFE0DE /* Cell.app */;
			productType = "com.apple.product-type.application";
		};
		4B6028631C97969A00EFE0DE /* CellTests */ = {
			isa = PBXNativeTarget;
			buildConfigurationList = 4B60287B1C97969A00EFE0DE /* Build configuration list for PBXNativeTarget "CellTests" */;
			buildPhases = (
				4B6028601C97969A00EFE0DE /* Sources */,
				4B6028611C97969A00EFE0DE /* Frameworks */,
				4B6028621C97969A00EFE0DE /* Resources */,
			);
			buildRules = (
			);
			dependencies = (
				4B6028661C97969A00EFE0DE /* PBXTargetDependency */,
			);
			name = CellTests;
			productName = CellTests;
			productReference = 4B6028641C97969A00EFE0DE /* CellTests.xctest */;
			productType = "com.apple.product-type.bundle.unit-test";
		};
		4B60286E1C97969A00EFE0DE /* CellUITests */ = {
			isa = PBXNativeTarget;
			buildConfigurationList = 4B60287E1C97969A00EFE0DE /* Build configuration list for PBXNativeTarget "CellUITests" */;
			buildPhases = (
				4B60286B1C97969A00EFE0DE /* Sources */,
				4B60286C1C97969A00EFE0DE /* Frameworks */,
				4B60286D1C97969A00EFE0DE /* Resources */,
			);
			buildRules = (
			);
			dependencies = (
				4B6028711C97969A00EFE0DE /* PBXTargetDependency */,
			);
			name = CellUITests;
			productName = CellUITests;
			productReference = 4B60286F1C97969A00EFE0DE /* CellUITests.xctest */;
			productType = "com.apple.product-type.bundle.ui-testing";
		};
/* End PBXNativeTarget section */

/* Begin PBXProject section */
		4B6028401C97969A00EFE0DE /* Project object */ = {
			isa = PBXProject;
			attributes = {
				LastUpgradeCheck = 0720;
				ORGANIZATIONNAME = "软通";
				TargetAttributes = {
					4B6028471C97969A00EFE0DE = {
						CreatedOnToolsVersion = 7.2;
						DevelopmentTeam = Q3996ALZNG;
					};
					4B6028631C97969A00EFE0DE = {
						CreatedOnToolsVersion = 7.2;
						DevelopmentTeam = Q3996ALZNG;
						TestTargetID = 4B6028471C97969A00EFE0DE;
					};
					4B60286E1C97969A00EFE0DE = {
						CreatedOnToolsVersion = 7.2;
						DevelopmentTeam = Q3996ALZNG;
						TestTargetID = 4B6028471C97969A00EFE0DE;
					};
				};
			};
			buildConfigurationList = 4B6028431C97969A00EFE0DE /* Build configuration list for PBXProject "Cell" */;
			compatibilityVersion = "Xcode 3.2";
			developmentRegion = English;
			hasScannedForEncodings = 0;
			knownRegions = (
				en,
				Base,
			);
			mainGroup = 4B60283F1C97969A00EFE0DE;
			productRefGroup = 4B6028491C97969A00EFE0DE /* Products */;
			projectDirPath = "";
			projectRoot = "";
			targets = (
				4B6028471C97969A00EFE0DE /* Cell */,
				4B6028631C97969A00EFE0DE /* CellTests */,
				4B60286E1C97969A00EFE0DE /* CellUITests */,
			);
		};
/* End PBXProject section */

/* Begin PBXResourcesBuildPhase section */
		4B6028461C97969A00EFE0DE /* Resources */ = {
			isa = PBXResourcesBuildPhase;
			buildActionMask = 2147483647;
			files = (
				4B60285E1C97969A00EFE0DE /* LaunchScreen.storyboard in Resources */,
				4B60285B1C97969A00EFE0DE /* Assets.xcassets in Resources */,
				4B6028561C97969A00EFE0DE /* Main.storyboard in Resources */,
			);
			runOnlyForDeploymentPostprocessing = 0;
		};
		4B6028621C97969A00EFE0DE /* Resources */ = {
			isa = PBXResourcesBuildPhase;
			buildActionMask = 2147483647;
			files = (
			);
			runOnlyForDeploymentPostprocessing = 0;
		};
		4B60286D1C97969A00EFE0DE /* Resources */ = {
			isa = PBXResourcesBuildPhase;
			buildActionMask = 2147483647;
			files = (
			);
			runOnlyForDeploymentPostprocessing = 0;
		};
/* End PBXResourcesBuildPhase section */

/* Begin PBXSourcesBuildPhase section */
		4B6028441C97969A00EFE0DE /* Sources */ = {
			isa = PBXSourcesBuildPhase;
			buildActionMask = 2147483647;
			files = (
				4B6028591C97969A00EFE0DE /* Cell.xcdatamodeld in Sources */,
				4B6028501C97969A00EFE0DE /* AppDelegate.m in Sources */,
				4B60284D1C97969A00EFE0DE /* main.m in Sources */,
				4B6028831C9796AD00EFE0DE /* TableViewController.m in Sources */,
				4B6028861C9796DC00EFE0DE /* GroupBuyCell.m in Sources */,
			);
			runOnlyForDeploymentPostprocessing = 0;
		};
		4B6028601C97969A00EFE0DE /* Sources */ = {
			isa = PBXSourcesBuildPhase;
			buildActionMask = 2147483647;
			files = (
				4B6028691C97969A00EFE0DE /* CellTests.m in Sources */,
			);
			runOnlyForDeploymentPostprocessing = 0;
		};
		4B60286B1C97969A00EFE0DE /* Sources */ = {
			isa = PBXSourcesBuildPhase;
			buildActionMask = 2147483647;
			files = (
				4B6028741C97969A00EFE0DE /* CellUITests.m in Sources */,
			);
			runOnlyForDeploymentPostprocessing = 0;
		};
/* End PBXSourcesBuildPhase section */

/* Begin PBXTargetDependency section */
		4B6028661C97969A00EFE0DE /* PBXTargetDependency */ = {
			isa = PBXTargetDependency;
			target = 4B6028471C97969A00EFE0DE /* Cell */;
			targetProxy = 4B6028651C97969A00EFE0DE /* PBXContainerItemProxy */;
		};
		4B6028711C97969A00EFE0DE /* PBXTargetDependency */ = {
			isa = PBXTargetDependency;
			target = 4B6028471C97969A00EFE0DE /* Cell */;
			targetProxy = 4B6028701C97969A00EFE0DE /* PBXContainerItemProxy */;
		};
/* End PBXTargetDependency section */

/* Begin PBXVariantGroup section */
		4B6028541C97969A00EFE0DE /* Main.storyboard */ = {
			isa = PBXVariantGroup;
			children = (
				4B6028551C97969A00EFE0DE /* Base */,
			);
			name = Main.storyboard;
			sourceTree = "<group>";
		};
		4B60285C1C97969A00EFE0DE /* LaunchScreen.storyboard */ = {
			isa = PBXVariantGroup;
			children = (
				4B60285D1C97969A00EFE0DE /* Base */,
			);
			name = LaunchScreen.storyboard;
			sourceTree = "<group>";
		};
/* End PBXVariantGroup section */

/* Begin XCBuildConfiguration section */
		4B6028761C97969A00EFE0DE /* Debug */ = {
			isa = XCBuildConfiguration;
			buildSettings = {
				ALWAYS_SEARCH_USER_PATHS = NO;
				CLANG_CXX_LANGUAGE_STANDARD = "gnu++0x";
				CLANG_CXX_LIBRARY = "libc++";
				CLANG_ENABLE_MODULES = YES;
				CLANG_ENABLE_OBJC_ARC = YES;
				CLANG_WARN_BOOL_CONVERSION = YES;
				CLANG_WARN_CONSTANT_CONVERSION = YES;
				CLANG_WARN_DIRECT_OBJC_ISA_USAGE = YES_ERROR;
				CLANG_WARN_EMPTY_BODY = YES;
				CLANG_WARN_ENUM_CONVERSION = YES;
				CLANG_WARN_INT_CONVERSION = YES;
				CLANG_WARN_OBJC_ROOT_CLASS = YES_ERROR;
				CLANG_WARN_UNREACHABLE_CODE = YES;
				CLANG_WARN__DUPLICATE_METHOD_MATCH = YES;
				"CODE_SIGN_IDENTITY[sdk=iphoneos*]" = "iPhone Developer";
				COPY_PHASE_STRIP = NO;
				DEBUG_INFORMATION_FORMAT = dwarf;
				ENABLE_STRICT_OBJC_MSGSEND = YES;
				ENABLE_TESTABILITY = YES;
				GCC_C_LANGUAGE_STANDARD = gnu99;
				GCC_DYNAMIC_NO_PIC = NO;
				GCC_NO_COMMON_BLOCKS = YES;
				GCC_OPTIMIZATION_LEVEL = 0;
				GCC_PREPROCESSOR_DEFINITIONS = (
					"DEBUG=1",
					"$(inherited)",
				);
				GCC_WARN_64_TO_32_BIT_CONVERSION = YES;
				GCC_WARN_ABOUT_RETURN_TYPE = YES_ERROR;
				GCC_WARN_UNDECLARED_SELECTOR = YES;
				GCC_WARN_UNINITIALIZED_AUTOS = YES_AGGRESSIVE;
				GCC_WARN_UNUSED_FUNCTION = YES;
				GCC_WARN_UNUSED_VARIABLE = YES;
				IPHONEOS_DEPLOYMENT_TARGET = 9.2;
				MTL_ENABLE_DEBUG_INFO = YES;
				ONLY_ACTIVE_ARCH = YES;
				SDKROOT = iphoneos;
			};
			name = Debug;
		};
		4B6028771C97969A00EFE0DE /* Release */ = {
			isa = XCBuildConfiguration;
			buildSettings = {
				ALWAYS_SEARCH_USER_PATHS = NO;
				CLANG_CXX_LANGUAGE_STANDARD = "gnu++0x";
				CLANG_CXX_LIBRARY = "libc++";
				CLANG_ENABLE_MODULES = YES;
				CLANG_ENABLE_OBJC_ARC = YES;
				CLANG_WARN_BOOL_CONVERSION = YES;
				CLANG_WARN_CONSTANT_CONVERSION = YES;
				CLANG_WARN_DIRECT_OBJC_ISA_USAGE = YES_ERROR;
				CLANG_WARN_EMPTY_BODY = YES;
				CLANG_WARN_ENUM_CONVERSION = YES;
				CLANG_WARN_INT_CONVERSION = YES;
				CLANG_WARN_OBJC_ROOT_CLASS = YES_ERROR;
				CLANG_WARN_UNREACHABLE_CODE = YES;
				CLANG_WARN__DUPLICATE_METHOD_MATCH = YES;
				"CODE_SIGN_IDENTITY[sdk=iphoneos*]" = "iPhone Developer";
				COPY_PHASE_STRIP = NO;
				DEBUG_INFORMATION_FORMAT = "dwarf-with-dsym";
				ENABLE_NS_ASSERTIONS = NO;
				ENABLE_STRICT_OBJC_MSGSEND = YES;
				GCC_C_LANGUAGE_STANDARD = gnu99;
				GCC_NO_COMMON_BLOCKS = YES;
				GCC_WARN_64_TO_32_BIT_CONVERSION = YES;
				GCC_WARN_ABOUT_RETURN_TYPE = YES_ERROR;
				GCC_WARN_UNDECLARED_SELECTOR = YES;
				GCC_WARN_UNINITIALIZED_AUTOS = YES_AGGRESSIVE;
				GCC_WARN_UNUSED_FUNCTION = YES;
				GCC_WARN_UNUSED_VARIABLE = YES;
				IPHONEOS_DEPLOYMENT_TARGET = 9.2;
				MTL_ENABLE_DEBUG_INFO = NO;
				SDKROOT = iphoneos;
				VALIDATE_PRODUCT = YES;
			};
			name = Release;
		};
		4B6028791C97969A00EFE0DE /* Debug */ = {
			isa = XCBuildConfiguration;
			buildSettings = {
				ASSETCATALOG_COMPILER_APPICON_NAME = AppIcon;
				INFOPLIST_FILE = Cell/Info.plist;
				LD_RUNPATH_SEARCH_PATHS = "$(inherited) @executable_path/Frameworks";
				PRODUCT_BUNDLE_IDENTIFIER = cc.Cell;
				PRODUCT_NAME = "$(TARGET_NAME)";
			};
			name = Debug;
		};
		4B60287A1C97969A00EFE0DE /* Release */ = {
			isa = XCBuildConfiguration;
			buildSettings = {
				ASSETCATALOG_COMPILER_APPICON_NAME = AppIcon;
				INFOPLIST_FILE = Cell/Info.plist;
				LD_RUNPATH_SEARCH_PATHS = "$(inherited) @executable_path/Frameworks";
				PRODUCT_BUNDLE_IDENTIFIER = cc.Cell;
				PRODUCT_NAME = "$(TARGET_NAME)";
			};
			name = Release;
		};
		4B60287C1C97969A00EFE0DE /* Debug */ = {
			isa = XCBuildConfiguration;
			buildSettings = {
				BUNDLE_LOADER = "$(TEST_HOST)";
				INFOPLIST_FILE = CellTests/Info.plist;
				LD_RUNPATH_SEARCH_PATHS = "$(inherited) @executable_path/Frameworks @loader_path/Frameworks";
				PRODUCT_BUNDLE_IDENTIFIER = cc.CellTests;
				PRODUCT_NAME = "$(TARGET_NAME)";
				TEST_HOST = "$(BUILT_PRODUCTS_DIR)/Cell.app/Cell";
			};
			name = Debug;
		};
		4B60287D1C97969A00EFE0DE /* Release */ = {
			isa = XCBuildConfiguration;
			buildSettings = {
				BUNDLE_LOADER = "$(TEST_HOST)";
				INFOPLIST_FILE = CellTests/Info.plist;
				LD_RUNPATH_SEARCH_PATHS = "$(inherited) @executable_path/Frameworks @loader_path/Frameworks";
				PRODUCT_BUNDLE_IDENTIFIER = cc.CellTests;
				PRODUCT_NAME = "$(TARGET_NAME)";
				TEST_HOST = "$(BUILT_PRODUCTS_DIR)/Cell.app/Cell";
			};
			name = Release;
		};
		4B60287F1C97969A00EFE0DE /* Debug */ = {
			isa = XCBuildConfiguration;
			buildSettings = {
				INFOPLIST_FILE = CellUITests/Info.plist;
				LD_RUNPATH_SEARCH_PATHS = "$(inherited) @executable_path/Frameworks @loader_path/Frameworks";
				PRODUCT_BUNDLE_IDENTIFIER = cc.CellUITests;
				PRODUCT_NAME = "$(TARGET_NAME)";
				TEST_TARGET_NAME = Cell;
				USES_XCTRUNNER = YES;
			};
			name = Debug;
		};
		4B6028801C97969A00EFE0DE /* Release */ = {
			isa = XCBuildConfiguration;
			buildSettings = {
				INFOPLIST_FILE = CellUITests/Info.plist;
				LD_RUNPATH_SEARCH_PATHS = "$(inherited) @executable_path/Frameworks @loader_path/Frameworks";
				PRODUCT_BUNDLE_IDENTIFIER = cc.CellUITests;
				PRODUCT_NAME = "$(TARGET_NAME)";
				TEST_TARGET_NAME = Cell;
				USES_XCTRUNNER = YES;
			};
			name = Release;
		};
/* End XCBuildConfiguration section */

/* Begin XCConfigurationList section */
		4B6028431C97969A00EFE0DE /* Build configuration list for PBXProject "Cell" */ = {
			isa = XCConfigurationList;
			buildConfigurations = (
				4B6028761C97969A00EFE0DE /* Debug */,
				4B6028771C97969A00EFE0DE /* Release */,
			);
			defaultConfigurationIsVisible = 0;
			defaultConfigurationName = Release;
		};
		4B6028781C97969A00EFE0DE /* Build configuration list for PBXNativeTarget "Cell" */ = {
			isa = XCConfigurationList;
			buildConfigurations = (
				4B6028791C97969A00EFE0DE /* Debug */,
				4B60287A1C97969A00EFE0DE /* Release */,
			);
			defaultConfigurationIsVisible = 0;
		};
		4B60287B1C97969A00EFE0DE /* Build configuration list for PBXNativeTarget "CellTests" */ = {
			isa = XCConfigurationList;
			buildConfigurations = (
				4B60287C1C97969A00EFE0DE /* Debug */,
				4B60287D1C97969A00EFE0DE /* Release */,
			);
			defaultConfigurationIsVisible = 0;
		};
		4B60287E1C97969A00EFE0DE /* Build configuration list for PBXNativeTarget "CellUITests" */ = {
			isa = XCConfigurationList;
			buildConfigurations = (
				4B60287F1C97969A00EFE0DE /* Debug */,
				4B6028801C97969A00EFE0DE /* Release */,
			);
			defaultConfigurationIsVisible = 0;
		};
/* End XCConfigurationList section */

/* Begin XCVersionGroup section */
		4B6028571C97969A00EFE0DE /* Cell.xcdatamodeld */ = {
			isa = XCVersionGroup;
			children = (
				4B6028581C97969A00EFE0DE /* Cell.xcdatamodel */,
			);
			currentVersion = 4B6028581C97969A00EFE0DE /* Cell.xcdatamodel */;
			path = Cell.xcdatamodeld;
			sourceTree = "<group>";
			versionGroupType = wrapper.xcdatamodel;
		};
/* End XCVersionGroup section */
	};
	rootObject = 4B6028401C97969A00EFE0DE /* Project object */;
}
